
Microsoft Visual Studio Solution File, Format Version 12.00
# Visual Studio 15
VisualStudioVersion = 15.0.28010.2019
MinimumVisualStudioVersion = 10.0.40219.1
Project("{00D1A9C2-B5F0-4AF3-8072-F6C62B433612}") = "Handin2", "Handin2\Handin2.sqlproj", "{469385C5-980C-451A-8637-10767CC81B51}"
EndProject
Global
	GlobalSection(SolutionConfigurationPlatforms) = preSolution
		Debug|Any CPU = Debug|Any CPU
		Release|Any CPU = Release|Any CPU
	EndGlobalSection
	GlobalSection(ProjectConfigurationPlatforms) = postSolution
		{469385C5-980C-451A-8637-10767CC81B51}.Debug|Any CPU.ActiveCfg = Debug|Any CPU
		{469385C5-980C-451A-8637-10767CC81B51}.Debug|Any CPU.Build.0 = Debug|Any CPU
		{469385C5-980C-451A-8637-10767CC81B51}.Debug|Any CPU.Deploy.0 = Debug|Any CPU
		{469385C5-980C-451A-8637-10767CC81B51}.Release|Any CPU.ActiveCfg = Release|Any CPU
		{469385C5-980C-451A-8637-10767CC81B51}.Release|Any CPU.Build.0 = Release|Any CPU
		{469385C5-980C-451A-8637-10767CC81B51}.Release|Any CPU.Deploy.0 = Release|Any CPU
	EndGlobalSection
	GlobalSection(SolutionProperties) = preSolution
		HideSolutionNode = FALSE
	EndGlobalSection
	GlobalSection(ExtensibilityGlobals) = postSolution
		SolutionGuid = {86440172-FE3B-41B0-BEB8-1CA4F5627080}
	EndGlobalSection
EndGlobal
