
Microsoft Visual Studio Solution File, Format Version 12.00
# Visual Studio 15
VisualStudioVersion = 15.0.28010.2036
MinimumVisualStudioVersion = 10.0.40219.1
Project("{00D1A9C2-B5F0-4AF3-8072-F6C62B433612}") = "Personkartotek", "Personkartotek\Personkartotek.sqlproj", "{F6B1A0A9-D83B-4A76-8CBD-D9F7480AA03A}"
EndProject
Project("{FAE04EC0-301F-11D3-BF4B-00C04F79EFBC}") = "PK Library", "PK Library\PK Library.csproj", "{28CF29FA-C13C-466E-8179-07E925FAC4D8}"
EndProject
Project("{FAE04EC0-301F-11D3-BF4B-00C04F79EFBC}") = "PK APP", "PK APP\PK APP.csproj", "{86246502-6BB3-48E7-A85B-92B5056A4269}"
EndProject
Project("{FAE04EC0-301F-11D3-BF4B-00C04F79EFBC}") = "ApplicationLogic", "Application\ApplicationLogic.csproj", "{95B37C0A-EE8C-47E5-8D99-A220CD908952}"
EndProject
Project("{FAE04EC0-301F-11D3-BF4B-00C04F79EFBC}") = "Infrastructure", "Infrastructure\Infrastructure.csproj", "{9997B882-CD17-4E2B-81BC-56A1E966BA2B}"
EndProject
Global
	GlobalSection(SolutionConfigurationPlatforms) = preSolution
		Debug|Any CPU = Debug|Any CPU
		Release|Any CPU = Release|Any CPU
	EndGlobalSection
	GlobalSection(ProjectConfigurationPlatforms) = postSolution
		{F6B1A0A9-D83B-4A76-8CBD-D9F7480AA03A}.Debug|Any CPU.ActiveCfg = Debug|Any CPU
		{F6B1A0A9-D83B-4A76-8CBD-D9F7480AA03A}.Debug|Any CPU.Build.0 = Debug|Any CPU
		{F6B1A0A9-D83B-4A76-8CBD-D9F7480AA03A}.Debug|Any CPU.Deploy.0 = Debug|Any CPU
		{F6B1A0A9-D83B-4A76-8CBD-D9F7480AA03A}.Release|Any CPU.ActiveCfg = Release|Any CPU
		{F6B1A0A9-D83B-4A76-8CBD-D9F7480AA03A}.Release|Any CPU.Build.0 = Release|Any CPU
		{F6B1A0A9-D83B-4A76-8CBD-D9F7480AA03A}.Release|Any CPU.Deploy.0 = Release|Any CPU
		{28CF29FA-C13C-466E-8179-07E925FAC4D8}.Debug|Any CPU.ActiveCfg = Debug|Any CPU
		{28CF29FA-C13C-466E-8179-07E925FAC4D8}.Debug|Any CPU.Build.0 = Debug|Any CPU
		{28CF29FA-C13C-466E-8179-07E925FAC4D8}.Release|Any CPU.ActiveCfg = Release|Any CPU
		{28CF29FA-C13C-466E-8179-07E925FAC4D8}.Release|Any CPU.Build.0 = Release|Any CPU
		{86246502-6BB3-48E7-A85B-92B5056A4269}.Debug|Any CPU.ActiveCfg = Debug|Any CPU
		{86246502-6BB3-48E7-A85B-92B5056A4269}.Debug|Any CPU.Build.0 = Debug|Any CPU
		{86246502-6BB3-48E7-A85B-92B5056A4269}.Release|Any CPU.ActiveCfg = Release|Any CPU
		{86246502-6BB3-48E7-A85B-92B5056A4269}.Release|Any CPU.Build.0 = Release|Any CPU
		{95B37C0A-EE8C-47E5-8D99-A220CD908952}.Debug|Any CPU.ActiveCfg = Debug|Any CPU
		{95B37C0A-EE8C-47E5-8D99-A220CD908952}.Debug|Any CPU.Build.0 = Debug|Any CPU
		{95B37C0A-EE8C-47E5-8D99-A220CD908952}.Release|Any CPU.ActiveCfg = Release|Any CPU
		{95B37C0A-EE8C-47E5-8D99-A220CD908952}.Release|Any CPU.Build.0 = Release|Any CPU
		{9997B882-CD17-4E2B-81BC-56A1E966BA2B}.Debug|Any CPU.ActiveCfg = Debug|Any CPU
		{9997B882-CD17-4E2B-81BC-56A1E966BA2B}.Debug|Any CPU.Build.0 = Debug|Any CPU
		{9997B882-CD17-4E2B-81BC-56A1E966BA2B}.Release|Any CPU.ActiveCfg = Release|Any CPU
		{9997B882-CD17-4E2B-81BC-56A1E966BA2B}.Release|Any CPU.Build.0 = Release|Any CPU
	EndGlobalSection
	GlobalSection(SolutionProperties) = preSolution
		HideSolutionNode = FALSE
	EndGlobalSection
	GlobalSection(ExtensibilityGlobals) = postSolution
		SolutionGuid = {371C8F94-58FB-46E0-A47A-B68B68F8C3E2}
	EndGlobalSection
EndGlobal
